
Microsoft Visual Studio Solution File, Format Version 12.00
# Visual Studio Version 16
VisualStudioVersion = 16.0.31129.286
MinimumVisualStudioVersion = 10.0.40219.1
Project("{9A19103F-16F7-4668-BE54-9A1E7A4F7556}") = "VistaWinForm", "VistaWinForm\VistaWinForm.csproj", "{C9047F91-D637-414F-A493-78980D518753}"
EndProject
Project("{9A19103F-16F7-4668-BE54-9A1E7A4F7556}") = "Modelo", "Modelo\Modelo.csproj", "{61BD2CB5-B7C5-4C5F-BE33-F9C68A2692AA}"
EndProject
Project("{9A19103F-16F7-4668-BE54-9A1E7A4F7556}") = "Controlador", "Controlador\Controlador.csproj", "{B8BE8EAF-F2BC-49C5-9FA8-DB9E45E36361}"
EndProject
Project("{FAE04EC0-301F-11D3-BF4B-00C04F79EFBC}") = "presentacionWeb", "presentacionWeb\presentacionWeb.csproj", "{7A9F976E-1EE1-4761-8A35-0D8093F12EFE}"
EndProject
Global
	GlobalSection(SolutionConfigurationPlatforms) = preSolution
		Debug|Any CPU = Debug|Any CPU
		Release|Any CPU = Release|Any CPU
	EndGlobalSection
	GlobalSection(ProjectConfigurationPlatforms) = postSolution
		{C9047F91-D637-414F-A493-78980D518753}.Debug|Any CPU.ActiveCfg = Debug|Any CPU
		{C9047F91-D637-414F-A493-78980D518753}.Debug|Any CPU.Build.0 = Debug|Any CPU
		{C9047F91-D637-414F-A493-78980D518753}.Release|Any CPU.ActiveCfg = Release|Any CPU
		{C9047F91-D637-414F-A493-78980D518753}.Release|Any CPU.Build.0 = Release|Any CPU
		{61BD2CB5-B7C5-4C5F-BE33-F9C68A2692AA}.Debug|Any CPU.ActiveCfg = Debug|Any CPU
		{61BD2CB5-B7C5-4C5F-BE33-F9C68A2692AA}.Debug|Any CPU.Build.0 = Debug|Any CPU
		{61BD2CB5-B7C5-4C5F-BE33-F9C68A2692AA}.Release|Any CPU.ActiveCfg = Release|Any CPU
		{61BD2CB5-B7C5-4C5F-BE33-F9C68A2692AA}.Release|Any CPU.Build.0 = Release|Any CPU
		{B8BE8EAF-F2BC-49C5-9FA8-DB9E45E36361}.Debug|Any CPU.ActiveCfg = Debug|Any CPU
		{B8BE8EAF-F2BC-49C5-9FA8-DB9E45E36361}.Debug|Any CPU.Build.0 = Debug|Any CPU
		{B8BE8EAF-F2BC-49C5-9FA8-DB9E45E36361}.Release|Any CPU.ActiveCfg = Release|Any CPU
		{B8BE8EAF-F2BC-49C5-9FA8-DB9E45E36361}.Release|Any CPU.Build.0 = Release|Any CPU
		{7A9F976E-1EE1-4761-8A35-0D8093F12EFE}.Debug|Any CPU.ActiveCfg = Debug|Any CPU
		{7A9F976E-1EE1-4761-8A35-0D8093F12EFE}.Debug|Any CPU.Build.0 = Debug|Any CPU
		{7A9F976E-1EE1-4761-8A35-0D8093F12EFE}.Release|Any CPU.ActiveCfg = Release|Any CPU
		{7A9F976E-1EE1-4761-8A35-0D8093F12EFE}.Release|Any CPU.Build.0 = Release|Any CPU
	EndGlobalSection
	GlobalSection(SolutionProperties) = preSolution
		HideSolutionNode = FALSE
	EndGlobalSection
	GlobalSection(ExtensibilityGlobals) = postSolution
		SolutionGuid = {ACA7B896-CD7E-4792-8A3A-D53EAC4AB1DC}
	EndGlobalSection
EndGlobal
